
Microsoft Visual Studio Solution File, Format Version 12.00
# Visual Studio Version 17
VisualStudioVersion = 17.14.36408.4 d17.14
MinimumVisualStudioVersion = 10.0.40219.1
Project("{FAE04EC0-301F-11D3-BF4B-00C04F79EFBC}") = "gerente", "gerente\gerente.csproj", "{5CA7276A-7448-4DE2-BC0A-B84F350DD9CE}"
EndProject
Global
	GlobalSection(SolutionConfigurationPlatforms) = preSolution
		Debug|Any CPU = Debug|Any CPU
		Release|Any CPU = Release|Any CPU
	EndGlobalSection
	GlobalSection(ProjectConfigurationPlatforms) = postSolution
		{5CA7276A-7448-4DE2-BC0A-B84F350DD9CE}.Debug|Any CPU.ActiveCfg = Debug|Any CPU
		{5CA7276A-7448-4DE2-BC0A-B84F350DD9CE}.Debug|Any CPU.Build.0 = Debug|Any CPU
		{5CA7276A-7448-4DE2-BC0A-B84F350DD9CE}.Release|Any CPU.ActiveCfg = Release|Any CPU
		{5CA7276A-7448-4DE2-BC0A-B84F350DD9CE}.Release|Any CPU.Build.0 = Release|Any CPU
	EndGlobalSection
	GlobalSection(SolutionProperties) = preSolution
		HideSolutionNode = FALSE
	EndGlobalSection
	GlobalSection(ExtensibilityGlobals) = postSolution
		SolutionGuid = {221FC7F7-7150-4607-8612-1BD30FFCB13B}
	EndGlobalSection
EndGlobal
