
Microsoft Visual Studio Solution File, Format Version 12.00
# Visual Studio Version 17
VisualStudioVersion = 17.14.36408.4 d17.14
MinimumVisualStudioVersion = 10.0.40219.1
Project("{FAE04EC0-301F-11D3-BF4B-00C04F79EFBC}") = "Taller_AppRestaurante", "Taller_AppRestaurante\Taller_AppRestaurante.csproj", "{BDB2DF8A-863D-478B-9495-ABA8BDE6F343}"
EndProject
Global
	GlobalSection(SolutionConfigurationPlatforms) = preSolution
		Debug|Any CPU = Debug|Any CPU
		Release|Any CPU = Release|Any CPU
	EndGlobalSection
	GlobalSection(ProjectConfigurationPlatforms) = postSolution
		{BDB2DF8A-863D-478B-9495-ABA8BDE6F343}.Debug|Any CPU.ActiveCfg = Debug|Any CPU
		{BDB2DF8A-863D-478B-9495-ABA8BDE6F343}.Debug|Any CPU.Build.0 = Debug|Any CPU
		{BDB2DF8A-863D-478B-9495-ABA8BDE6F343}.Release|Any CPU.ActiveCfg = Release|Any CPU
		{BDB2DF8A-863D-478B-9495-ABA8BDE6F343}.Release|Any CPU.Build.0 = Release|Any CPU
	EndGlobalSection
	GlobalSection(SolutionProperties) = preSolution
		HideSolutionNode = FALSE
	EndGlobalSection
	GlobalSection(ExtensibilityGlobals) = postSolution
		SolutionGuid = {48EAE660-6175-4A1B-8B6C-48A962DF0FC2}
	EndGlobalSection
EndGlobal
